// !$*UTF8*$!
{
	archiveVersion = 1;
	classes = {
	};
	objectVersion = 50;
	objects = {

/* Begin PBXBuildFile section */
		71593E4B26DE613F00EE234A /* AppDelegate.swift in Sources */ = {isa = PBXBuildFile; fileRef = 71593E4A26DE613F00EE234A /* AppDelegate.swift */; };
		71593E4D26DE613F00EE234A /* SceneDelegate.swift in Sources */ = {isa = PBXBuildFile; fileRef = 71593E4C26DE613F00EE234A /* SceneDelegate.swift */; };
		71593E4F26DE613F00EE234A /* ViewController.swift in Sources */ = {isa = PBXBuildFile; fileRef = 71593E4E26DE613F00EE234A /* ViewController.swift */; };
		71593E5226DE613F00EE234A /* Main.storyboard in Resources */ = {isa = PBXBuildFile; fileRef = 71593E5026DE613F00EE234A /* Main.storyboard */; };
		71593E5426DE614000EE234A /* Assets.xcassets in Resources */ = {isa = PBXBuildFile; fileRef = 71593E5326DE614000EE234A /* Assets.xcassets */; };
		71593E5726DE614000EE234A /* LaunchScreen.storyboard in Resources */ = {isa = PBXBuildFile; fileRef = 71593E5526DE614000EE234A /* LaunchScreen.storyboard */; };
		71593E5F26DE9B1E00EE234A /* Card.swift in Sources */ = {isa = PBXBuildFile; fileRef = 71593E5E26DE9B1E00EE234A /* Card.swift */; };
		71593E6126DE9BDA00EE234A /* ConcentrationGame.swift in Sources */ = {isa = PBXBuildFile; fileRef = 71593E6026DE9BDA00EE234A /* ConcentrationGame.swift */; };
/* End PBXBuildFile section */

/* Begin PBXFileReference section */
		71593E4726DE613F00EE234A /* Concentration Cards.app */ = {isa = PBXFileReference; explicitFileType = wrapper.application; includeInIndex = 0; path = "Concentration Cards.app"; sourceTree = BUILT_PRODUCTS_DIR; };
		71593E4A26DE613F00EE234A /* AppDelegate.swift */ = {isa = PBXFileReference; lastKnownFileType = sourcecode.swift; path = AppDelegate.swift; sourceTree = "<group>"; };
		71593E4C26DE613F00EE234A /* SceneDelegate.swift */ = {isa = PBXFileReference; lastKnownFileType = sourcecode.swift; path = SceneDelegate.swift; sourceTree = "<group>"; };
		71593E4E26DE613F00EE234A /* ViewController.swift */ = {isa = PBXFileReference; lastKnownFileType = sourcecode.swift; path = ViewController.swift; sourceTree = "<group>"; };
		71593E5126DE613F00EE234A /* Base */ = {isa = PBXFileReference; lastKnownFileType = file.storyboard; name = Base; path = Base.lproj/Main.storyboard; sourceTree = "<group>"; };
		71593E5326DE614000EE234A /* Assets.xcassets */ = {isa = PBXFileReference; lastKnownFileType = folder.assetcatalog; path = Assets.xcassets; sourceTree = "<group>"; };
		71593E5626DE614000EE234A /* Base */ = {isa = PBXFileReference; lastKnownFileType = file.storyboard; name = Base; path = Base.lproj/LaunchScreen.storyboard; sourceTree = "<group>"; };
		71593E5826DE614000EE234A /* Info.plist */ = {isa = PBXFileReference; lastKnownFileType = text.plist.xml; path = Info.plist; sourceTree = "<group>"; };
		71593E5E26DE9B1E00EE234A /* Card.swift */ = {isa = PBXFileReference; lastKnownFileType = sourcecode.swift; path = Card.swift; sourceTree = "<group>"; };
		71593E6026DE9BDA00EE234A /* ConcentrationGame.swift */ = {isa = PBXFileReference; lastKnownFileType = sourcecode.swift; path = ConcentrationGame.swift; sourceTree = "<group>"; };
/* End PBXFileReference section */

/* Begin PBXFrameworksBuildPhase section */
		71593E4426DE613F00EE234A /* Frameworks */ = {
			isa = PBXFrameworksBuildPhase;
			buildActionMask = 2147483647;
			files = (
			);
			runOnlyForDeploymentPostprocessing = 0;
		};
/* End PBXFrameworksBuildPhase section */

/* Begin PBXGroup section */
		71593E3E26DE613F00EE234A = {
			isa = PBXGroup;
			children = (
				71593E4926DE613F00EE234A /* Concentration Cards */,
				71593E4826DE613F00EE234A /* Products */,
			);
			sourceTree = "<group>";
		};
		71593E4826DE613F00EE234A /* Products */ = {
			isa = PBXGroup;
			children = (
				71593E4726DE613F00EE234A /* Concentration Cards.app */,
			);
			name = Products;
			sourceTree = "<group>";
		};
		71593E4926DE613F00EE234A /* Concentration Cards */ = {
			isa = PBXGroup;
			children = (
				71593E4A26DE613F00EE234A /* AppDelegate.swift */,
				71593E4C26DE613F00EE234A /* SceneDelegate.swift */,
				71593E4E26DE613F00EE234A /* ViewController.swift */,
				71593E6026DE9BDA00EE234A /* ConcentrationGame.swift */,
				71593E5E26DE9B1E00EE234A /* Card.swift */,
				71593E5026DE613F00EE234A /* Main.storyboard */,
				71593E5326DE614000EE234A /* Assets.xcassets */,
				71593E5526DE614000EE234A /* LaunchScreen.storyboard */,
				71593E5826DE614000EE234A /* Info.plist */,
			);
			path = "Concentration Cards";
			sourceTree = "<group>";
		};
/* End PBXGroup section */

/* Begin PBXNativeTarget section */
		71593E4626DE613F00EE234A /* Concentration Cards */ = {
			isa = PBXNativeTarget;
			buildConfigurationList = 71593E5B26DE614000EE234A /* Build configuration list for PBXNativeTarget "Concentration Cards" */;
			buildPhases = (
				71593E4326DE613F00EE234A /* Sources */,
				71593E4426DE613F00EE234A /* Frameworks */,
				71593E4526DE613F00EE234A /* Resources */,
			);
			buildRules = (
			);
			dependencies = (
			);
			name = "Concentration Cards";
			productName = "Concentration Cards";
			productReference = 71593E4726DE613F00EE234A /* Concentration Cards.app */;
			productType = "com.apple.product-type.application";
		};
/* End PBXNativeTarget section */

/* Begin PBXProject section */
		71593E3F26DE613F00EE234A /* Project object */ = {
			isa = PBXProject;
			attributes = {
				LastSwiftUpdateCheck = 1250;
				LastUpgradeCheck = 1250;
				TargetAttributes = {
					71593E4626DE613F00EE234A = {
						CreatedOnToolsVersion = 12.5.1;
					};
				};
			};
			buildConfigurationList = 71593E4226DE613F00EE234A /* Build configuration list for PBXProject "Concentration Cards" */;
			compatibilityVersion = "Xcode 9.3";
			developmentRegion = en;
			hasScannedForEncodings = 0;
			knownRegions = (
				en,
				Base,
			);
			mainGroup = 71593E3E26DE613F00EE234A;
			productRefGroup = 71593E4826DE613F00EE234A /* Products */;
			projectDirPath = "";
			projectRoot = "";
			targets = (
				71593E4626DE613F00EE234A /* Concentration Cards */,
			);
		};
/* End PBXProject section */

/* Begin PBXResourcesBuildPhase section */
		71593E4526DE613F00EE234A /* Resources */ = {
			isa = PBXResourcesBuildPhase;
			buildActionMask = 2147483647;
			files = (
				71593E5726DE614000EE234A /* LaunchScreen.storyboard in Resources */,
				71593E5426DE614000EE234A /* Assets.xcassets in Resources */,
				71593E5226DE613F00EE234A /* Main.storyboard in Resources */,
			);
			runOnlyForDeploymentPostprocessing = 0;
		};
/* End PBXResourcesBuildPhase section */

/* Begin PBXSourcesBuildPhase section */
		71593E4326DE613F00EE234A /* Sources */ = {
			isa = PBXSourcesBuildPhase;
			buildActionMask = 2147483647;
			files = (
				71593E4F26DE613F00EE234A /* ViewController.swift in Sources */,
				71593E4B26DE613F00EE234A /* AppDelegate.swift in Sources */,
				71593E6126DE9BDA00EE234A /* ConcentrationGame.swift in Sources */,
				71593E4D26DE613F00EE234A /* SceneDelegate.swift in Sources */,
				71593E5F26DE9B1E00EE234A /* Card.swift in Sources */,
			);
			runOnlyForDeploymentPostprocessing = 0;
		};
/* End PBXSourcesBuildPhase section */

/* Begin PBXVariantGroup section */
		71593E5026DE613F00EE234A /* Main.storyboard */ = {
			isa = PBXVariantGroup;
			children = (
				71593E5126DE613F00EE234A /* Base */,
			);
			name = Main.storyboard;
			sourceTree = "<group>";
		};
		71593E5526DE614000EE234A /* LaunchScreen.storyboard */ = {
			isa = PBXVariantGroup;
			children = (
				71593E5626DE614000EE234A /* Base */,
			);
			name = LaunchScreen.storyboard;
			sourceTree = "<group>";
		};
/* End PBXVariantGroup section */

/* Begin XCBuildConfiguration section */
		71593E5926DE614000EE234A /* Debug */ = {
			isa = XCBuildConfiguration;
			buildSettings = {
				ALWAYS_SEARCH_USER_PATHS = NO;
				CLANG_ANALYZER_NONNULL = YES;
				CLANG_ANALYZER_NUMBER_OBJECT_CONVERSION = YES_AGGRESSIVE;
				CLANG_CXX_LANGUAGE_STANDARD = "gnu++14";
				CLANG_CXX_LIBRARY = "libc++";
				CLANG_ENABLE_MODULES = YES;
				CLANG_ENABLE_OBJC_ARC = YES;
				CLANG_ENABLE_OBJC_WEAK = YES;
				CLANG_WARN_BLOCK_CAPTURE_AUTORELEASING = YES;
				CLANG_WARN_BOOL_CONVERSION = YES;
				CLANG_WARN_COMMA = YES;
				CLANG_WARN_CONSTANT_CONVERSION = YES;
				CLANG_WARN_DEPRECATED_OBJC_IMPLEMENTATIONS = YES;
				CLANG_WARN_DIRECT_OBJC_ISA_USAGE = YES_ERROR;
				CLANG_WARN_DOCUMENTATION_COMMENTS = YES;
				CLANG_WARN_EMPTY_BODY = YES;
				CLANG_WARN_ENUM_CONVERSION = YES;
				CLANG_WARN_INFINITE_RECURSION = YES;
				CLANG_WARN_INT_CONVERSION = YES;
				CLANG_WARN_NON_LITERAL_NULL_CONVERSION = YES;
				CLANG_WARN_OBJC_IMPLICIT_RETAIN_SELF = YES;
				CLANG_WARN_OBJC_LITERAL_CONVERSION = YES;
				CLANG_WARN_OBJC_ROOT_CLASS = YES_ERROR;
				CLANG_WARN_QUOTED_INCLUDE_IN_FRAMEWORK_HEADER = YES;
				CLANG_WARN_RANGE_LOOP_ANALYSIS = YES;
				CLANG_WARN_STRICT_PROTOTYPES = YES;
				CLANG_WARN_SUSPICIOUS_MOVE = YES;
				CLANG_WARN_UNGUARDED_AVAILABILITY = YES_AGGRESSIVE;
				CLANG_WARN_UNREACHABLE_CODE = YES;
				CLANG_WARN__DUPLICATE_METHOD_MATCH = YES;
				COPY_PHASE_STRIP = NO;
				DEBUG_INFORMATION_FORMAT = dwarf;
				ENABLE_STRICT_OBJC_MSGSEND = YES;
				ENABLE_TESTABILITY = YES;
				GCC_C_LANGUAGE_STANDARD = gnu11;
				GCC_DYNAMIC_NO_PIC = NO;
				GCC_NO_COMMON_BLOCKS = YES;
				GCC_OPTIMIZATION_LEVEL = 0;
				GCC_PREPROCESSOR_DEFINITIONS = (
					"DEBUG=1",
					"$(inherited)",
				);
				GCC_WARN_64_TO_32_BIT_CONVERSION = YES;
				GCC_WARN_ABOUT_RETURN_TYPE = YES_ERROR;
				GCC_WARN_UNDECLARED_SELECTOR = YES;
				GCC_WARN_UNINITIALIZED_AUTOS = YES_AGGRESSIVE;
				GCC_WARN_UNUSED_FUNCTION = YES;
				GCC_WARN_UNUSED_VARIABLE = YES;
				IPHONEOS_DEPLOYMENT_TARGET = 14.5;
				MTL_ENABLE_DEBUG_INFO = INCLUDE_SOURCE;
				MTL_FAST_MATH = YES;
				ONLY_ACTIVE_ARCH = YES;
				SDKROOT = iphoneos;
				SWIFT_ACTIVE_COMPILATION_CONDITIONS = DEBUG;
				SWIFT_OPTIMIZATION_LEVEL = "-Onone";
			};
			name = Debug;
		};
		71593E5A26DE614000EE234A /* Release */ = {
			isa = XCBuildConfiguration;
			buildSettings = {
				ALWAYS_SEARCH_USER_PATHS = NO;
				CLANG_ANALYZER_NONNULL = YES;
				CLANG_ANALYZER_NUMBER_OBJECT_CONVERSION = YES_AGGRESSIVE;
				CLANG_CXX_LANGUAGE_STANDARD = "gnu++14";
				CLANG_CXX_LIBRARY = "libc++";
				CLANG_ENABLE_MODULES = YES;
				CLANG_ENABLE_OBJC_ARC = YES;
				CLANG_ENABLE_OBJC_WEAK = YES;
				CLANG_WARN_BLOCK_CAPTURE_AUTORELEASING = YES;
				CLANG_WARN_BOOL_CONVERSION = YES;
				CLANG_WARN_COMMA = YES;
				CLANG_WARN_CONSTANT_CONVERSION = YES;
				CLANG_WARN_DEPRECATED_OBJC_IMPLEMENTATIONS = YES;
				CLANG_WARN_DIRECT_OBJC_ISA_USAGE = YES_ERROR;
				CLANG_WARN_DOCUMENTATION_COMMENTS = YES;
				CLANG_WARN_EMPTY_BODY = YES;
				CLANG_WARN_ENUM_CONVERSION = YES;
				CLANG_WARN_INFINITE_RECURSION = YES;
				CLANG_WARN_INT_CONVERSION = YES;
				CLANG_WARN_NON_LITERAL_NULL_CONVERSION = YES;
				CLANG_WARN_OBJC_IMPLICIT_RETAIN_SELF = YES;
				CLANG_WARN_OBJC_LITERAL_CONVERSION = YES;
				CLANG_WARN_OBJC_ROOT_CLASS = YES_ERROR;
				CLANG_WARN_QUOTED_INCLUDE_IN_FRAMEWORK_HEADER = YES;
				CLANG_WARN_RANGE_LOOP_ANALYSIS = YES;
				CLANG_WARN_STRICT_PROTOTYPES = YES;
				CLANG_WARN_SUSPICIOUS_MOVE = YES;
				CLANG_WARN_UNGUARDED_AVAILABILITY = YES_AGGRESSIVE;
				CLANG_WARN_UNREACHABLE_CODE = YES;
				CLANG_WARN__DUPLICATE_METHOD_MATCH = YES;
				COPY_PHASE_STRIP = NO;
				DEBUG_INFORMATION_FORMAT = "dwarf-with-dsym";
				ENABLE_NS_ASSERTIONS = NO;
				ENABLE_STRICT_OBJC_MSGSEND = YES;
				GCC_C_LANGUAGE_STANDARD = gnu11;
				GCC_NO_COMMON_BLOCKS = YES;
				GCC_WARN_64_TO_32_BIT_CONVERSION = YES;
				GCC_WARN_ABOUT_RETURN_TYPE = YES_ERROR;
				GCC_WARN_UNDECLARED_SELECTOR = YES;
				GCC_WARN_UNINITIALIZED_AUTOS = YES_AGGRESSIVE;
				GCC_WARN_UNUSED_FUNCTION = YES;
				GCC_WARN_UNUSED_VARIABLE = YES;
				IPHONEOS_DEPLOYMENT_TARGET = 14.5;
				MTL_ENABLE_DEBUG_INFO = NO;
				MTL_FAST_MATH = YES;
				SDKROOT = iphoneos;
				SWIFT_COMPILATION_MODE = wholemodule;
				SWIFT_OPTIMIZATION_LEVEL = "-O";
				VALIDATE_PRODUCT = YES;
			};
			name = Release;
		};
		71593E5C26DE614000EE234A /* Debug */ = {
			isa = XCBuildConfiguration;
			buildSettings = {
				ASSETCATALOG_COMPILER_APPICON_NAME = AppIcon;
				ASSETCATALOG_COMPILER_GLOBAL_ACCENT_COLOR_NAME = AccentColor;
				CODE_SIGN_STYLE = Automatic;
				DEVELOPMENT_TEAM = BJ2Y72RG5B;
				INFOPLIST_FILE = "Concentration Cards/Info.plist";
				LD_RUNPATH_SEARCH_PATHS = (
					"$(inherited)",
					"@executable_path/Frameworks",
				);
				PRODUCT_BUNDLE_IDENTIFIER = "com.evgeniyNosko.Concentration-Cards";
				PRODUCT_NAME = "$(TARGET_NAME)";
				SWIFT_VERSION = 5.0;
				TARGETED_DEVICE_FAMILY = "1,2";
			};
			name = Debug;
		};
		71593E5D26DE614000EE234A /* Release */ = {
			isa = XCBuildConfiguration;
			buildSettings = {
				ASSETCATALOG_COMPILER_APPICON_NAME = AppIcon;
				ASSETCATALOG_COMPILER_GLOBAL_ACCENT_COLOR_NAME = AccentColor;
				CODE_SIGN_STYLE = Automatic;
				DEVELOPMENT_TEAM = BJ2Y72RG5B;
				INFOPLIST_FILE = "Concentration Cards/Info.plist";
				LD_RUNPATH_SEARCH_PATHS = (
					"$(inherited)",
					"@executable_path/Frameworks",
				);
				PRODUCT_BUNDLE_IDENTIFIER = "com.evgeniyNosko.Concentration-Cards";
				PRODUCT_NAME = "$(TARGET_NAME)";
				SWIFT_VERSION = 5.0;
				TARGETED_DEVICE_FAMILY = "1,2";
			};
			name = Release;
		};
/* End XCBuildConfiguration section */

/* Begin XCConfigurationList section */
		71593E4226DE613F00EE234A /* Build configuration list for PBXProject "Concentration Cards" */ = {
			isa = XCConfigurationList;
			buildConfigurations = (
				71593E5926DE614000EE234A /* Debug */,
				71593E5A26DE614000EE234A /* Release */,
			);
			defaultConfigurationIsVisible = 0;
			defaultConfigurationName = Release;
		};
		71593E5B26DE614000EE234A /* Build configuration list for PBXNativeTarget "Concentration Cards" */ = {
			isa = XCConfigurationList;
			buildConfigurations = (
				71593E5C26DE614000EE234A /* Debug */,
				71593E5D26DE614000EE234A /* Release */,
			);
			defaultConfigurationIsVisible = 0;
			defaultConfigurationName = Release;
		};
/* End XCConfigurationList section */
	};
	rootObject = 71593E3F26DE613F00EE234A /* Project object */;
}
